{
    "_readme": [
        "This file locks the dependencies of your project to a known state",
        "Read more about it at https://getcomposer.org/doc/01-basic-usage.md#composer-lock-the-lock-file",
        "This file is @generated automatically"
    ],
    "hash": "940f931b7a7fc00e956bc2603ce1d1b7",
    "content-hash": "006be2e76cf016fb3bc154062e82a24e",
    "packages": [
        {
            "name": "abeautifulsite/simpleimage",
            "version": "2.6.0",
            "source": {
                "type": "git",
                "url": "https://github.com/claviska/SimpleImage.git",
                "reference": "a8fb6f68d12f32e3394a2784c3a8c500bc24cdec"
            },
            "dist": {
                "type": "zip",
                "url": "https://api.github.com/repos/claviska/SimpleImage/zipball/a8fb6f68d12f32e3394a2784c3a8c500bc24cdec",
                "reference": "a8fb6f68d12f32e3394a2784c3a8c500bc24cdec",
                "shasum": ""
            },
            "require": {
                "ext-gd": "*",
                "php": ">=5.3.0"
            },
            "type": "library",
            "extra": {
                "branch-alias": {
                    "dev-master": "2.5-dev"
                }
            },
            "autoload": {
                "psr-0": {
                    "abeautifulsite": "src/"
                }
            },
            "notification-url": "https://packagist.org/downloads/",
            "license": [
                "MIT"
            ],
            "authors": [
                {
                    "name": "Nazar Mokrynskyi",
                    "email": "nazar@mokrynskyi.com",
                    "homepage": "http://cleverstyle.org/",
                    "role": "Developer"
                },
                {
                    "name": "Cory LaViska",
                    "homepage": "http://www.abeautifulsite.net/",
                    "role": "Developer"
                }
            ],
            "description": "A PHP class that simplifies working with images",
            "time": "2015-10-22 19:13:41"
        },
        {
            "name": "tgmpa/tgm-plugin-activation",
            "version": "2.6.1",
            "source": {
                "type": "git",
                "url": "https://github.com/TGMPA/TGM-Plugin-Activation.git",
                "reference": "c626d0d91fc8ef24916e809c7b79eeafab1c1cac"
            },
            "dist": {
                "type": "zip",
                "url": "https://api.github.com/repos/TGMPA/TGM-Plugin-Activation/zipball/c626d0d91fc8ef24916e809c7b79eeafab1c1cac",
                "reference": "c626d0d91fc8ef24916e809c7b79eeafab1c1cac",
                "shasum": ""
            },
            "require": {
                "php": ">=5.2"
            },
            "type": "library",
            "autoload": {
                "files": [
                    "class-tgm-plugin-activation.php"
                ]
            },
            "notification-url": "https://packagist.org/downloads/",
            "license": [
                "GPL-2.0+"
            ],
            "authors": [
                {
                    "name": "Thomas Griffin",
                    "homepage": "http://thomasgriffinmedia.com",
                    "role": "Developer"
                },
                {
                    "name": "Gary Jones",
                    "homepage": "https://github.com/GaryJones",
                    "role": "Developer"
                },
                {
                    "name": "Juliette Reinders Folmer",
                    "homepage": "https://github.com/jrfnl",
                    "role": "Developer"
                }
            ],
            "description": "TGM Plugin Activation is a PHP library that allows you to easily require or recommend plugins for your WordPress themes (and plugins).",
            "homepage": "http://tgmpluginactivation.com",
            "keywords": [
                "activation",
                "library",
                "plugins",
                "theme",
                "wordpress"
            ],
            "time": "2016-05-19 15:46:51"
        }
    ],
    "packages-dev": [],
    "aliases": [],
    "minimum-stability": "stable",
    "stability-flags": [],
    "prefer-stable": false,
    "prefer-lowest": false,
    "platform": [],
    "platform-dev": []
}
